
Microsoft Visual Studio Solution File, Format Version 12.00
# Visual Studio 15
VisualStudioVersion = 15.0.28307.1209
MinimumVisualStudioVersion = 10.0.40219.1
Project("{FAE04EC0-301F-11D3-BF4B-00C04F79EFBC}") = "ImportMSVPropertiesFinalClassLeads", "ImporterMaster\ImportMSVPropertiesFinalClassLeads.csproj", "{46EF31EC-1074-45EA-B0FD-0A189178033D}"
EndProject
Global
	GlobalSection(SolutionConfigurationPlatforms) = preSolution
		Debug|Any CPU = Debug|Any CPU
		Release|Any CPU = Release|Any CPU
	EndGlobalSection
	GlobalSection(ProjectConfigurationPlatforms) = postSolution
		{46EF31EC-1074-45EA-B0FD-0A189178033D}.Debug|Any CPU.ActiveCfg = Debug|Any CPU
		{46EF31EC-1074-45EA-B0FD-0A189178033D}.Debug|Any CPU.Build.0 = Debug|Any CPU
		{46EF31EC-1074-45EA-B0FD-0A189178033D}.Release|Any CPU.ActiveCfg = Release|Any CPU
		{46EF31EC-1074-45EA-B0FD-0A189178033D}.Release|Any CPU.Build.0 = Release|Any CPU
	EndGlobalSection
	GlobalSection(SolutionProperties) = preSolution
		HideSolutionNode = FALSE
	EndGlobalSection
	GlobalSection(ExtensibilityGlobals) = postSolution
		SolutionGuid = {C1CDE076-CEAF-47B5-99EC-441DB7C8C537}
	EndGlobalSection
EndGlobal
